// !$*UTF8*$!
{
	archiveVersion = 1;
	classes = {
	};
	objectVersion = 50;
	objects = {

/* Begin PBXBuildFile section */
		548464312361320000B75D7B /* AppDelegate.swift in Sources */ = {isa = PBXBuildFile; fileRef = 548464302361320000B75D7B /* AppDelegate.swift */; };
		548464332361320000B75D7B /* SceneDelegate.swift in Sources */ = {isa = PBXBuildFile; fileRef = 548464322361320000B75D7B /* SceneDelegate.swift */; };
		548464352361320000B75D7B /* ViewController.swift in Sources */ = {isa = PBXBuildFile; fileRef = 548464342361320000B75D7B /* ViewController.swift */; };
		548464382361320000B75D7B /* Main.storyboard in Resources */ = {isa = PBXBuildFile; fileRef = 548464362361320000B75D7B /* Main.storyboard */; };
		5484643A2361320200B75D7B /* Assets.xcassets in Resources */ = {isa = PBXBuildFile; fileRef = 548464392361320200B75D7B /* Assets.xcassets */; };
		5484643D2361320200B75D7B /* LaunchScreen.storyboard in Resources */ = {isa = PBXBuildFile; fileRef = 5484643B2361320200B75D7B /* LaunchScreen.storyboard */; };
		548464482361320200B75D7B /* _01910243_counter_demoTests.swift in Sources */ = {isa = PBXBuildFile; fileRef = 548464472361320200B75D7B /* _01910243_counter_demoTests.swift */; };
		548464532361320200B75D7B /* _01910243_counter_demoUITests.swift in Sources */ = {isa = PBXBuildFile; fileRef = 548464522361320200B75D7B /* _01910243_counter_demoUITests.swift */; };
/* End PBXBuildFile section */

/* Begin PBXContainerItemProxy section */
		548464442361320200B75D7B /* PBXContainerItemProxy */ = {
			isa = PBXContainerItemProxy;
			containerPortal = 548464252361320000B75D7B /* Project object */;
			proxyType = 1;
			remoteGlobalIDString = 5484642C2361320000B75D7B;
			remoteInfo = "201910243 counter demo";
		};
		5484644F2361320200B75D7B /* PBXContainerItemProxy */ = {
			isa = PBXContainerItemProxy;
			containerPortal = 548464252361320000B75D7B /* Project object */;
			proxyType = 1;
			remoteGlobalIDString = 5484642C2361320000B75D7B;
			remoteInfo = "201910243 counter demo";
		};
/* End PBXContainerItemProxy section */

/* Begin PBXFileReference section */
		5484642D2361320000B75D7B /* 201910243 counter demo.app */ = {isa = PBXFileReference; explicitFileType = wrapper.application; includeInIndex = 0; path = "201910243 counter demo.app"; sourceTree = BUILT_PRODUCTS_DIR; };
		548464302361320000B75D7B /* AppDelegate.swift */ = {isa = PBXFileReference; lastKnownFileType = sourcecode.swift; path = AppDelegate.swift; sourceTree = "<group>"; };
		548464322361320000B75D7B /* SceneDelegate.swift */ = {isa = PBXFileReference; lastKnownFileType = sourcecode.swift; path = SceneDelegate.swift; sourceTree = "<group>"; };
		548464342361320000B75D7B /* ViewController.swift */ = {isa = PBXFileReference; lastKnownFileType = sourcecode.swift; path = ViewController.swift; sourceTree = "<group>"; };
		548464372361320000B75D7B /* Base */ = {isa = PBXFileReference; lastKnownFileType = file.storyboard; name = Base; path = Base.lproj/Main.storyboard; sourceTree = "<group>"; };
		548464392361320200B75D7B /* Assets.xcassets */ = {isa = PBXFileReference; lastKnownFileType = folder.assetcatalog; path = Assets.xcassets; sourceTree = "<group>"; };
		5484643C2361320200B75D7B /* Base */ = {isa = PBXFileReference; lastKnownFileType = file.storyboard; name = Base; path = Base.lproj/LaunchScreen.storyboard; sourceTree = "<group>"; };
		5484643E2361320200B75D7B /* Info.plist */ = {isa = PBXFileReference; lastKnownFileType = text.plist.xml; path = Info.plist; sourceTree = "<group>"; };
		548464432361320200B75D7B /* 201910243 counter demoTests.xctest */ = {isa = PBXFileReference; explicitFileType = wrapper.cfbundle; includeInIndex = 0; path = "201910243 counter demoTests.xctest"; sourceTree = BUILT_PRODUCTS_DIR; };
		548464472361320200B75D7B /* _01910243_counter_demoTests.swift */ = {isa = PBXFileReference; lastKnownFileType = sourcecode.swift; path = _01910243_counter_demoTests.swift; sourceTree = "<group>"; };
		548464492361320200B75D7B /* Info.plist */ = {isa = PBXFileReference; lastKnownFileType = text.plist.xml; path = Info.plist; sourceTree = "<group>"; };
		5484644E2361320200B75D7B /* 201910243 counter demoUITests.xctest */ = {isa = PBXFileReference; explicitFileType = wrapper.cfbundle; includeInIndex = 0; path = "201910243 counter demoUITests.xctest"; sourceTree = BUILT_PRODUCTS_DIR; };
		548464522361320200B75D7B /* _01910243_counter_demoUITests.swift */ = {isa = PBXFileReference; lastKnownFileType = sourcecode.swift; path = _01910243_counter_demoUITests.swift; sourceTree = "<group>"; };
		548464542361320200B75D7B /* Info.plist */ = {isa = PBXFileReference; lastKnownFileType = text.plist.xml; path = Info.plist; sourceTree = "<group>"; };
/* End PBXFileReference section */

/* Begin PBXFrameworksBuildPhase section */
		5484642A2361320000B75D7B /* Frameworks */ = {
			isa = PBXFrameworksBuildPhase;
			buildActionMask = 2147483647;
			files = (
			);
			runOnlyForDeploymentPostprocessing = 0;
		};
		548464402361320200B75D7B /* Frameworks */ = {
			isa = PBXFrameworksBuildPhase;
			buildActionMask = 2147483647;
			files = (
			);
			runOnlyForDeploymentPostprocessing = 0;
		};
		5484644B2361320200B75D7B /* Frameworks */ = {
			isa = PBXFrameworksBuildPhase;
			buildActionMask = 2147483647;
			files = (
			);
			runOnlyForDeploymentPostprocessing = 0;
		};
/* End PBXFrameworksBuildPhase section */

/* Begin PBXGroup section */
		548464242361320000B75D7B = {
			isa = PBXGroup;
			children = (
				5484642F2361320000B75D7B /* 201910243 counter demo */,
				548464462361320200B75D7B /* 201910243 counter demoTests */,
				548464512361320200B75D7B /* 201910243 counter demoUITests */,
				5484642E2361320000B75D7B /* Products */,
			);
			sourceTree = "<group>";
		};
		5484642E2361320000B75D7B /* Products */ = {
			isa = PBXGroup;
			children = (
				5484642D2361320000B75D7B /* 201910243 counter demo.app */,
				548464432361320200B75D7B /* 201910243 counter demoTests.xctest */,
				5484644E2361320200B75D7B /* 201910243 counter demoUITests.xctest */,
			);
			name = Products;
			sourceTree = "<group>";
		};
		5484642F2361320000B75D7B /* 201910243 counter demo */ = {
			isa = PBXGroup;
			children = (
				548464302361320000B75D7B /* AppDelegate.swift */,
				548464322361320000B75D7B /* SceneDelegate.swift */,
				548464342361320000B75D7B /* ViewController.swift */,
				548464362361320000B75D7B /* Main.storyboard */,
				548464392361320200B75D7B /* Assets.xcassets */,
				5484643B2361320200B75D7B /* LaunchScreen.storyboard */,
				5484643E2361320200B75D7B /* Info.plist */,
			);
			path = "201910243 counter demo";
			sourceTree = "<group>";
		};
		548464462361320200B75D7B /* 201910243 counter demoTests */ = {
			isa = PBXGroup;
			children = (
				548464472361320200B75D7B /* _01910243_counter_demoTests.swift */,
				548464492361320200B75D7B /* Info.plist */,
			);
			path = "201910243 counter demoTests";
			sourceTree = "<group>";
		};
		548464512361320200B75D7B /* 201910243 counter demoUITests */ = {
			isa = PBXGroup;
			children = (
				548464522361320200B75D7B /* _01910243_counter_demoUITests.swift */,
				548464542361320200B75D7B /* Info.plist */,
			);
			path = "201910243 counter demoUITests";
			sourceTree = "<group>";
		};
/* End PBXGroup section */

/* Begin PBXNativeTarget section */
		5484642C2361320000B75D7B /* 201910243 counter demo */ = {
			isa = PBXNativeTarget;
			buildConfigurationList = 548464572361320200B75D7B /* Build configuration list for PBXNativeTarget "201910243 counter demo" */;
			buildPhases = (
				548464292361320000B75D7B /* Sources */,
				5484642A2361320000B75D7B /* Frameworks */,
				5484642B2361320000B75D7B /* Resources */,
			);
			buildRules = (
			);
			dependencies = (
			);
			name = "201910243 counter demo";
			productName = "201910243 counter demo";
			productReference = 5484642D2361320000B75D7B /* 201910243 counter demo.app */;
			productType = "com.apple.product-type.application";
		};
		548464422361320200B75D7B /* 201910243 counter demoTests */ = {
			isa = PBXNativeTarget;
			buildConfigurationList = 5484645A2361320200B75D7B /* Build configuration list for PBXNativeTarget "201910243 counter demoTests" */;
			buildPhases = (
				5484643F2361320200B75D7B /* Sources */,
				548464402361320200B75D7B /* Frameworks */,
				548464412361320200B75D7B /* Resources */,
			);
			buildRules = (
			);
			dependencies = (
				548464452361320200B75D7B /* PBXTargetDependency */,
			);
			name = "201910243 counter demoTests";
			productName = "201910243 counter demoTests";
			productReference = 548464432361320200B75D7B /* 201910243 counter demoTests.xctest */;
			productType = "com.apple.product-type.bundle.unit-test";
		};
		5484644D2361320200B75D7B /* 201910243 counter demoUITests */ = {
			isa = PBXNativeTarget;
			buildConfigurationList = 5484645D2361320200B75D7B /* Build configuration list for PBXNativeTarget "201910243 counter demoUITests" */;
			buildPhases = (
				5484644A2361320200B75D7B /* Sources */,
				5484644B2361320200B75D7B /* Frameworks */,
				5484644C2361320200B75D7B /* Resources */,
			);
			buildRules = (
			);
			dependencies = (
				548464502361320200B75D7B /* PBXTargetDependency */,
			);
			name = "201910243 counter demoUITests";
			productName = "201910243 counter demoUITests";
			productReference = 5484644E2361320200B75D7B /* 201910243 counter demoUITests.xctest */;
			productType = "com.apple.product-type.bundle.ui-testing";
		};
/* End PBXNativeTarget section */

/* Begin PBXProject section */
		548464252361320000B75D7B /* Project object */ = {
			isa = PBXProject;
			attributes = {
				LastSwiftUpdateCheck = 1100;
				LastUpgradeCheck = 1100;
				ORGANIZATIONNAME = hyu;
				TargetAttributes = {
					5484642C2361320000B75D7B = {
						CreatedOnToolsVersion = 11.0;
					};
					548464422361320200B75D7B = {
						CreatedOnToolsVersion = 11.0;
						TestTargetID = 5484642C2361320000B75D7B;
					};
					5484644D2361320200B75D7B = {
						CreatedOnToolsVersion = 11.0;
						TestTargetID = 5484642C2361320000B75D7B;
					};
				};
			};
			buildConfigurationList = 548464282361320000B75D7B /* Build configuration list for PBXProject "201910243 counter demo" */;
			compatibilityVersion = "Xcode 9.3";
			developmentRegion = en;
			hasScannedForEncodings = 0;
			knownRegions = (
				en,
				Base,
			);
			mainGroup = 548464242361320000B75D7B;
			productRefGroup = 5484642E2361320000B75D7B /* Products */;
			projectDirPath = "";
			projectRoot = "";
			targets = (
				5484642C2361320000B75D7B /* 201910243 counter demo */,
				548464422361320200B75D7B /* 201910243 counter demoTests */,
				5484644D2361320200B75D7B /* 201910243 counter demoUITests */,
			);
		};
/* End PBXProject section */

/* Begin PBXResourcesBuildPhase section */
		5484642B2361320000B75D7B /* Resources */ = {
			isa = PBXResourcesBuildPhase;
			buildActionMask = 2147483647;
			files = (
				5484643D2361320200B75D7B /* LaunchScreen.storyboard in Resources */,
				5484643A2361320200B75D7B /* Assets.xcassets in Resources */,
				548464382361320000B75D7B /* Main.storyboard in Resources */,
			);
			runOnlyForDeploymentPostprocessing = 0;
		};
		548464412361320200B75D7B /* Resources */ = {
			isa = PBXResourcesBuildPhase;
			buildActionMask = 2147483647;
			files = (
			);
			runOnlyForDeploymentPostprocessing = 0;
		};
		5484644C2361320200B75D7B /* Resources */ = {
			isa = PBXResourcesBuildPhase;
			buildActionMask = 2147483647;
			files = (
			);
			runOnlyForDeploymentPostprocessing = 0;
		};
/* End PBXResourcesBuildPhase section */

/* Begin PBXSourcesBuildPhase section */
		548464292361320000B75D7B /* Sources */ = {
			isa = PBXSourcesBuildPhase;
			buildActionMask = 2147483647;
			files = (
				548464352361320000B75D7B /* ViewController.swift in Sources */,
				548464312361320000B75D7B /* AppDelegate.swift in Sources */,
				548464332361320000B75D7B /* SceneDelegate.swift in Sources */,
			);
			runOnlyForDeploymentPostprocessing = 0;
		};
		5484643F2361320200B75D7B /* Sources */ = {
			isa = PBXSourcesBuildPhase;
			buildActionMask = 2147483647;
			files = (
				548464482361320200B75D7B /* _01910243_counter_demoTests.swift in Sources */,
			);
			runOnlyForDeploymentPostprocessing = 0;
		};
		5484644A2361320200B75D7B /* Sources */ = {
			isa = PBXSourcesBuildPhase;
			buildActionMask = 2147483647;
			files = (
				548464532361320200B75D7B /* _01910243_counter_demoUITests.swift in Sources */,
			);
			runOnlyForDeploymentPostprocessing = 0;
		};
/* End PBXSourcesBuildPhase section */

/* Begin PBXTargetDependency section */
		548464452361320200B75D7B /* PBXTargetDependency */ = {
			isa = PBXTargetDependency;
			target = 5484642C2361320000B75D7B /* 201910243 counter demo */;
			targetProxy = 548464442361320200B75D7B /* PBXContainerItemProxy */;
		};
		548464502361320200B75D7B /* PBXTargetDependency */ = {
			isa = PBXTargetDependency;
			target = 5484642C2361320000B75D7B /* 201910243 counter demo */;
			targetProxy = 5484644F2361320200B75D7B /* PBXContainerItemProxy */;
		};
/* End PBXTargetDependency section */

/* Begin PBXVariantGroup section */
		548464362361320000B75D7B /* Main.storyboard */ = {
			isa = PBXVariantGroup;
			children = (
				548464372361320000B75D7B /* Base */,
			);
			name = Main.storyboard;
			sourceTree = "<group>";
		};
		5484643B2361320200B75D7B /* LaunchScreen.storyboard */ = {
			isa = PBXVariantGroup;
			children = (
				5484643C2361320200B75D7B /* Base */,
			);
			name = LaunchScreen.storyboard;
			sourceTree = "<group>";
		};
/* End PBXVariantGroup section */

/* Begin XCBuildConfiguration section */
		548464552361320200B75D7B /* Debug */ = {
			isa = XCBuildConfiguration;
			buildSettings = {
				ALWAYS_SEARCH_USER_PATHS = NO;
				CLANG_ANALYZER_NONNULL = YES;
				CLANG_ANALYZER_NUMBER_OBJECT_CONVERSION = YES_AGGRESSIVE;
				CLANG_CXX_LANGUAGE_STANDARD = "gnu++14";
				CLANG_CXX_LIBRARY = "libc++";
				CLANG_ENABLE_MODULES = YES;
				CLANG_ENABLE_OBJC_ARC = YES;
				CLANG_ENABLE_OBJC_WEAK = YES;
				CLANG_WARN_BLOCK_CAPTURE_AUTORELEASING = YES;
				CLANG_WARN_BOOL_CONVERSION = YES;
				CLANG_WARN_COMMA = YES;
				CLANG_WARN_CONSTANT_CONVERSION = YES;
				CLANG_WARN_DEPRECATED_OBJC_IMPLEMENTATIONS = YES;
				CLANG_WARN_DIRECT_OBJC_ISA_USAGE = YES_ERROR;
				CLANG_WARN_DOCUMENTATION_COMMENTS = YES;
				CLANG_WARN_EMPTY_BODY = YES;
				CLANG_WARN_ENUM_CONVERSION = YES;
				CLANG_WARN_INFINITE_RECURSION = YES;
				CLANG_WARN_INT_CONVERSION = YES;
				CLANG_WARN_NON_LITERAL_NULL_CONVERSION = YES;
				CLANG_WARN_OBJC_IMPLICIT_RETAIN_SELF = YES;
				CLANG_WARN_OBJC_LITERAL_CONVERSION = YES;
				CLANG_WARN_OBJC_ROOT_CLASS = YES_ERROR;
				CLANG_WARN_RANGE_LOOP_ANALYSIS = YES;
				CLANG_WARN_STRICT_PROTOTYPES = YES;
				CLANG_WARN_SUSPICIOUS_MOVE = YES;
				CLANG_WARN_UNGUARDED_AVAILABILITY = YES_AGGRESSIVE;
				CLANG_WARN_UNREACHABLE_CODE = YES;
				CLANG_WARN__DUPLICATE_METHOD_MATCH = YES;
				COPY_PHASE_STRIP = NO;
				DEBUG_INFORMATION_FORMAT = dwarf;
				ENABLE_STRICT_OBJC_MSGSEND = YES;
				ENABLE_TESTABILITY = YES;
				GCC_C_LANGUAGE_STANDARD = gnu11;
				GCC_DYNAMIC_NO_PIC = NO;
				GCC_NO_COMMON_BLOCKS = YES;
				GCC_OPTIMIZATION_LEVEL = 0;
				GCC_PREPROCESSOR_DEFINITIONS = (
					"DEBUG=1",
					"$(inherited)",
				);
				GCC_WARN_64_TO_32_BIT_CONVERSION = YES;
				GCC_WARN_ABOUT_RETURN_TYPE = YES_ERROR;
				GCC_WARN_UNDECLARED_SELECTOR = YES;
				GCC_WARN_UNINITIALIZED_AUTOS = YES_AGGRESSIVE;
				GCC_WARN_UNUSED_FUNCTION = YES;
				GCC_WARN_UNUSED_VARIABLE = YES;
				IPHONEOS_DEPLOYMENT_TARGET = 13.0;
				MTL_ENABLE_DEBUG_INFO = INCLUDE_SOURCE;
				MTL_FAST_MATH = YES;
				ONLY_ACTIVE_ARCH = YES;
				SDKROOT = iphoneos;
				SWIFT_ACTIVE_COMPILATION_CONDITIONS = DEBUG;
				SWIFT_OPTIMIZATION_LEVEL = "-Onone";
			};
			name = Debug;
		};
		548464562361320200B75D7B /* Release */ = {
			isa = XCBuildConfiguration;
			buildSettings = {
				ALWAYS_SEARCH_USER_PATHS = NO;
				CLANG_ANALYZER_NONNULL = YES;
				CLANG_ANALYZER_NUMBER_OBJECT_CONVERSION = YES_AGGRESSIVE;
				CLANG_CXX_LANGUAGE_STANDARD = "gnu++14";
				CLANG_CXX_LIBRARY = "libc++";
				CLANG_ENABLE_MODULES = YES;
				CLANG_ENABLE_OBJC_ARC = YES;
				CLANG_ENABLE_OBJC_WEAK = YES;
				CLANG_WARN_BLOCK_CAPTURE_AUTORELEASING = YES;
				CLANG_WARN_BOOL_CONVERSION = YES;
				CLANG_WARN_COMMA = YES;
				CLANG_WARN_CONSTANT_CONVERSION = YES;
				CLANG_WARN_DEPRECATED_OBJC_IMPLEMENTATIONS = YES;
				CLANG_WARN_DIRECT_OBJC_ISA_USAGE = YES_ERROR;
				CLANG_WARN_DOCUMENTATION_COMMENTS = YES;
				CLANG_WARN_EMPTY_BODY = YES;
				CLANG_WARN_ENUM_CONVERSION = YES;
				CLANG_WARN_INFINITE_RECURSION = YES;
				CLANG_WARN_INT_CONVERSION = YES;
				CLANG_WARN_NON_LITERAL_NULL_CONVERSION = YES;
				CLANG_WARN_OBJC_IMPLICIT_RETAIN_SELF = YES;
				CLANG_WARN_OBJC_LITERAL_CONVERSION = YES;
				CLANG_WARN_OBJC_ROOT_CLASS = YES_ERROR;
				CLANG_WARN_RANGE_LOOP_ANALYSIS = YES;
				CLANG_WARN_STRICT_PROTOTYPES = YES;
				CLANG_WARN_SUSPICIOUS_MOVE = YES;
				CLANG_WARN_UNGUARDED_AVAILABILITY = YES_AGGRESSIVE;
				CLANG_WARN_UNREACHABLE_CODE = YES;
				CLANG_WARN__DUPLICATE_METHOD_MATCH = YES;
				COPY_PHASE_STRIP = NO;
				DEBUG_INFORMATION_FORMAT = "dwarf-with-dsym";
				ENABLE_NS_ASSERTIONS = NO;
				ENABLE_STRICT_OBJC_MSGSEND = YES;
				GCC_C_LANGUAGE_STANDARD = gnu11;
				GCC_NO_COMMON_BLOCKS = YES;
				GCC_WARN_64_TO_32_BIT_CONVERSION = YES;
				GCC_WARN_ABOUT_RETURN_TYPE = YES_ERROR;
				GCC_WARN_UNDECLARED_SELECTOR = YES;
				GCC_WARN_UNINITIALIZED_AUTOS = YES_AGGRESSIVE;
				GCC_WARN_UNUSED_FUNCTION = YES;
				GCC_WARN_UNUSED_VARIABLE = YES;
				IPHONEOS_DEPLOYMENT_TARGET = 13.0;
				MTL_ENABLE_DEBUG_INFO = NO;
				MTL_FAST_MATH = YES;
				SDKROOT = iphoneos;
				SWIFT_COMPILATION_MODE = wholemodule;
				SWIFT_OPTIMIZATION_LEVEL = "-O";
				VALIDATE_PRODUCT = YES;
			};
			name = Release;
		};
		548464582361320200B75D7B /* Debug */ = {
			isa = XCBuildConfiguration;
			buildSettings = {
				ASSETCATALOG_COMPILER_APPICON_NAME = AppIcon;
				CODE_SIGN_STYLE = Automatic;
				INFOPLIST_FILE = "201910243 counter demo/Info.plist";
				LD_RUNPATH_SEARCH_PATHS = (
					"$(inherited)",
					"@executable_path/Frameworks",
				);
				PRODUCT_BUNDLE_IDENTIFIER = "re.-01910243-counter-demo";
				PRODUCT_NAME = "$(TARGET_NAME)";
				SWIFT_VERSION = 5.0;
				TARGETED_DEVICE_FAMILY = "1,2";
			};
			name = Debug;
		};
		548464592361320200B75D7B /* Release */ = {
			isa = XCBuildConfiguration;
			buildSettings = {
				ASSETCATALOG_COMPILER_APPICON_NAME = AppIcon;
				CODE_SIGN_STYLE = Automatic;
				INFOPLIST_FILE = "201910243 counter demo/Info.plist";
				LD_RUNPATH_SEARCH_PATHS = (
					"$(inherited)",
					"@executable_path/Frameworks",
				);
				PRODUCT_BUNDLE_IDENTIFIER = "re.-01910243-counter-demo";
				PRODUCT_NAME = "$(TARGET_NAME)";
				SWIFT_VERSION = 5.0;
				TARGETED_DEVICE_FAMILY = "1,2";
			};
			name = Release;
		};
		5484645B2361320200B75D7B /* Debug */ = {
			isa = XCBuildConfiguration;
			buildSettings = {
				ALWAYS_EMBED_SWIFT_STANDARD_LIBRARIES = YES;
				BUNDLE_LOADER = "$(TEST_HOST)";
				CODE_SIGN_STYLE = Automatic;
				INFOPLIST_FILE = "201910243 counter demoTests/Info.plist";
				IPHONEOS_DEPLOYMENT_TARGET = 13.0;
				LD_RUNPATH_SEARCH_PATHS = (
					"$(inherited)",
					"@executable_path/Frameworks",
					"@loader_path/Frameworks",
				);
				PRODUCT_BUNDLE_IDENTIFIER = "re.-01910243-counter-demoTests";
				PRODUCT_NAME = "$(TARGET_NAME)";
				SWIFT_VERSION = 5.0;
				TARGETED_DEVICE_FAMILY = "1,2";
				TEST_HOST = "$(BUILT_PRODUCTS_DIR)/201910243 counter demo.app/201910243 counter demo";
			};
			name = Debug;
		};
		5484645C2361320200B75D7B /* Release */ = {
			isa = XCBuildConfiguration;
			buildSettings = {
				ALWAYS_EMBED_SWIFT_STANDARD_LIBRARIES = YES;
				BUNDLE_LOADER = "$(TEST_HOST)";
				CODE_SIGN_STYLE = Automatic;
				INFOPLIST_FILE = "201910243 counter demoTests/Info.plist";
				IPHONEOS_DEPLOYMENT_TARGET = 13.0;
				LD_RUNPATH_SEARCH_PATHS = (
					"$(inherited)",
					"@executable_path/Frameworks",
					"@loader_path/Frameworks",
				);
				PRODUCT_BUNDLE_IDENTIFIER = "re.-01910243-counter-demoTests";
				PRODUCT_NAME = "$(TARGET_NAME)";
				SWIFT_VERSION = 5.0;
				TARGETED_DEVICE_FAMILY = "1,2";
				TEST_HOST = "$(BUILT_PRODUCTS_DIR)/201910243 counter demo.app/201910243 counter demo";
			};
			name = Release;
		};
		5484645E2361320200B75D7B /* Debug */ = {
			isa = XCBuildConfiguration;
			buildSettings = {
				ALWAYS_EMBED_SWIFT_STANDARD_LIBRARIES = YES;
				CODE_SIGN_STYLE = Automatic;
				INFOPLIST_FILE = "201910243 counter demoUITests/Info.plist";
				LD_RUNPATH_SEARCH_PATHS = (
					"$(inherited)",
					"@executable_path/Frameworks",
					"@loader_path/Frameworks",
				);
				PRODUCT_BUNDLE_IDENTIFIER = "re.-01910243-counter-demoUITests";
				PRODUCT_NAME = "$(TARGET_NAME)";
				SWIFT_VERSION = 5.0;
				TARGETED_DEVICE_FAMILY = "1,2";
				TEST_TARGET_NAME = "201910243 counter demo";
			};
			name = Debug;
		};
		5484645F2361320200B75D7B /* Release */ = {
			isa = XCBuildConfiguration;
			buildSettings = {
				ALWAYS_EMBED_SWIFT_STANDARD_LIBRARIES = YES;
				CODE_SIGN_STYLE = Automatic;
				INFOPLIST_FILE = "201910243 counter demoUITests/Info.plist";
				LD_RUNPATH_SEARCH_PATHS = (
					"$(inherited)",
					"@executable_path/Frameworks",
					"@loader_path/Frameworks",
				);
				PRODUCT_BUNDLE_IDENTIFIER = "re.-01910243-counter-demoUITests";
				PRODUCT_NAME = "$(TARGET_NAME)";
				SWIFT_VERSION = 5.0;
				TARGETED_DEVICE_FAMILY = "1,2";
				TEST_TARGET_NAME = "201910243 counter demo";
			};
			name = Release;
		};
/* End XCBuildConfiguration section */

/* Begin XCConfigurationList section */
		548464282361320000B75D7B /* Build configuration list for PBXProject "201910243 counter demo" */ = {
			isa = XCConfigurationList;
			buildConfigurations = (
				548464552361320200B75D7B /* Debug */,
				548464562361320200B75D7B /* Release */,
			);
			defaultConfigurationIsVisible = 0;
			defaultConfigurationName = Release;
		};
		548464572361320200B75D7B /* Build configuration list for PBXNativeTarget "201910243 counter demo" */ = {
			isa = XCConfigurationList;
			buildConfigurations = (
				548464582361320200B75D7B /* Debug */,
				548464592361320200B75D7B /* Release */,
			);
			defaultConfigurationIsVisible = 0;
			defaultConfigurationName = Release;
		};
		5484645A2361320200B75D7B /* Build configuration list for PBXNativeTarget "201910243 counter demoTests" */ = {
			isa = XCConfigurationList;
			buildConfigurations = (
				5484645B2361320200B75D7B /* Debug */,
				5484645C2361320200B75D7B /* Release */,
			);
			defaultConfigurationIsVisible = 0;
			defaultConfigurationName = Release;
		};
		5484645D2361320200B75D7B /* Build configuration list for PBXNativeTarget "201910243 counter demoUITests" */ = {
			isa = XCConfigurationList;
			buildConfigurations = (
				5484645E2361320200B75D7B /* Debug */,
				5484645F2361320200B75D7B /* Release */,
			);
			defaultConfigurationIsVisible = 0;
			defaultConfigurationName = Release;
		};
/* End XCConfigurationList section */
	};
	rootObject = 548464252361320000B75D7B /* Project object */;
}
